spring:
  cloud:
    scheduling:
      # Distributed mode: shedlock, schedulerx
      distributed-mode: shedlock
  datasource:
    driver-class: com.mysql.cj.jdbc.Driver
    url: jdbc:mysql://127.0.0.1:3306/testdb?useUnicode=true&characterEncoding=utf-8&useSSL=false
    username: root
    password: 123456
